
Microsoft Visual Studio Solution File, Format Version 12.00
# Visual Studio 15
Project("{FAE04EC0-301F-11D3-BF4B-00C04F79EFBC}") = "BrainVR", "Assembly-CSharp.csproj", "{FFDB0756-C470-9F55-BE90-B3A1B70E8D30}"
EndProject
Global
	GlobalSection(SolutionConfigurationPlatforms) = preSolution
		Debug|Any CPU = Debug|Any CPU
		Release|Any CPU = Release|Any CPU
	EndGlobalSection
	GlobalSection(ProjectConfigurationPlatforms) = postSolution
		{FFDB0756-C470-9F55-BE90-B3A1B70E8D30}.Debug|Any CPU.ActiveCfg = Debug|Any CPU
		{FFDB0756-C470-9F55-BE90-B3A1B70E8D30}.Debug|Any CPU.Build.0 = Debug|Any CPU
		{FFDB0756-C470-9F55-BE90-B3A1B70E8D30}.Release|Any CPU.ActiveCfg = Release|Any CPU
		{FFDB0756-C470-9F55-BE90-B3A1B70E8D30}.Release|Any CPU.Build.0 = Release|Any CPU
	EndGlobalSection
	GlobalSection(SolutionProperties) = preSolution
		HideSolutionNode = FALSE
	EndGlobalSection
EndGlobal
