
Microsoft Visual Studio Solution File, Format Version 12.00
# Visual Studio 15
VisualStudioVersion = 15.0.26730.16
MinimumVisualStudioVersion = 10.0.40219.1
Project("{FAE04EC0-301F-11D3-BF4B-00C04F79EFBC}") = "BrainVR", "BrainVR.csproj", "{2223E812-5F62-D741-122A-D77DA32DA171}"
EndProject
Project("{FAE04EC0-301F-11D3-BF4B-00C04F79EFBC}") = "BrainVR.Editor", "BrainVR.Editor.csproj", "{6E97EAAF-9440-29D7-4A04-82D1F0820705}"
EndProject
Global
	GlobalSection(SolutionConfigurationPlatforms) = preSolution
		Debug|Any CPU = Debug|Any CPU
		Release|Any CPU = Release|Any CPU
	EndGlobalSection
	GlobalSection(ProjectConfigurationPlatforms) = postSolution
		{2223E812-5F62-D741-122A-D77DA32DA171}.Debug|Any CPU.ActiveCfg = Debug|Any CPU
		{2223E812-5F62-D741-122A-D77DA32DA171}.Debug|Any CPU.Build.0 = Debug|Any CPU
		{2223E812-5F62-D741-122A-D77DA32DA171}.Release|Any CPU.ActiveCfg = Release|Any CPU
		{2223E812-5F62-D741-122A-D77DA32DA171}.Release|Any CPU.Build.0 = Release|Any CPU
		{6E97EAAF-9440-29D7-4A04-82D1F0820705}.Debug|Any CPU.ActiveCfg = Debug|Any CPU
		{6E97EAAF-9440-29D7-4A04-82D1F0820705}.Debug|Any CPU.Build.0 = Debug|Any CPU
		{6E97EAAF-9440-29D7-4A04-82D1F0820705}.Release|Any CPU.ActiveCfg = Release|Any CPU
		{6E97EAAF-9440-29D7-4A04-82D1F0820705}.Release|Any CPU.Build.0 = Release|Any CPU
	EndGlobalSection
	GlobalSection(SolutionProperties) = preSolution
		HideSolutionNode = FALSE
	EndGlobalSection
	GlobalSection(ExtensibilityGlobals) = postSolution
		SolutionGuid = {3C94B3C4-1C5A-4C21-9F4D-C7C4A43EC46E}
	EndGlobalSection
EndGlobal
